// !$*UTF8*$!
{
	archiveVersion = 1;
	classes = {
	};
	objectVersion = 50;
	objects = {

/* Begin PBXBuildFile section */
		1C2E394F21C82DF100CACB25 /* main.swift in Sources */ = {isa = PBXBuildFile; fileRef = 1C2E394E21C82DF100CACB25 /* main.swift */; };
		1C2E395721C83AD800CACB25 /* test-mucko.swift in Sources */ = {isa = PBXBuildFile; fileRef = 1C2E395621C83AD800CACB25 /* test-mucko.swift */; };
		1C2E395921C83F9E00CACB25 /* test-appconsole.swift in Sources */ = {isa = PBXBuildFile; fileRef = 1C2E395821C83F9E00CACB25 /* test-appconsole.swift */; };
		1C2E395C21C83FE700CACB25 /* AppConsole.swift in Sources */ = {isa = PBXBuildFile; fileRef = 1C2E395B21C83FE700CACB25 /* AppConsole.swift */; };
		85A62CD3F73C0A290470A4A3 /* libPods-TestAppConsole.a in Frameworks */ = {isa = PBXBuildFile; fileRef = D669B1AE7E9AAC7D8622E31F /* libPods-TestAppConsole.a */; };
/* End PBXBuildFile section */

/* Begin PBXCopyFilesBuildPhase section */
		1C2E394921C82DF100CACB25 /* CopyFiles */ = {
			isa = PBXCopyFilesBuildPhase;
			buildActionMask = 2147483647;
			dstPath = /usr/share/man/man1/;
			dstSubfolderSpec = 0;
			files = (
			);
			runOnlyForDeploymentPostprocessing = 1;
		};
/* End PBXCopyFilesBuildPhase section */

/* Begin PBXFileReference section */
		1C2E394B21C82DF100CACB25 /* TestAppConsole */ = {isa = PBXFileReference; explicitFileType = "compiled.mach-o.executable"; includeInIndex = 0; path = TestAppConsole; sourceTree = BUILT_PRODUCTS_DIR; };
		1C2E394E21C82DF100CACB25 /* main.swift */ = {isa = PBXFileReference; lastKnownFileType = sourcecode.swift; path = main.swift; sourceTree = "<group>"; };
		1C2E395621C83AD800CACB25 /* test-mucko.swift */ = {isa = PBXFileReference; lastKnownFileType = sourcecode.swift; path = "test-mucko.swift"; sourceTree = "<group>"; };
		1C2E395821C83F9E00CACB25 /* test-appconsole.swift */ = {isa = PBXFileReference; lastKnownFileType = sourcecode.swift; path = "test-appconsole.swift"; sourceTree = "<group>"; };
		1C2E395B21C83FE700CACB25 /* AppConsole.swift */ = {isa = PBXFileReference; lastKnownFileType = sourcecode.swift; path = AppConsole.swift; sourceTree = "<group>"; };
		AF7F971CB55F4BE851B7788A /* Pods-TestAppConsole.debug.xcconfig */ = {isa = PBXFileReference; includeInIndex = 1; lastKnownFileType = text.xcconfig; name = "Pods-TestAppConsole.debug.xcconfig"; path = "Pods/Target Support Files/Pods-TestAppConsole/Pods-TestAppConsole.debug.xcconfig"; sourceTree = "<group>"; };
		D669B1AE7E9AAC7D8622E31F /* libPods-TestAppConsole.a */ = {isa = PBXFileReference; explicitFileType = archive.ar; includeInIndex = 0; path = "libPods-TestAppConsole.a"; sourceTree = BUILT_PRODUCTS_DIR; };
		E4C417E3C6DB44168550C6BF /* Pods-TestAppConsole.release.xcconfig */ = {isa = PBXFileReference; includeInIndex = 1; lastKnownFileType = text.xcconfig; name = "Pods-TestAppConsole.release.xcconfig"; path = "Pods/Target Support Files/Pods-TestAppConsole/Pods-TestAppConsole.release.xcconfig"; sourceTree = "<group>"; };
/* End PBXFileReference section */

/* Begin PBXFrameworksBuildPhase section */
		1C2E394821C82DF100CACB25 /* Frameworks */ = {
			isa = PBXFrameworksBuildPhase;
			buildActionMask = 2147483647;
			files = (
				85A62CD3F73C0A290470A4A3 /* libPods-TestAppConsole.a in Frameworks */,
			);
			runOnlyForDeploymentPostprocessing = 0;
		};
/* End PBXFrameworksBuildPhase section */

/* Begin PBXGroup section */
		13EB6737FF414A1C72067C0E /* Pods */ = {
			isa = PBXGroup;
			children = (
				AF7F971CB55F4BE851B7788A /* Pods-TestAppConsole.debug.xcconfig */,
				E4C417E3C6DB44168550C6BF /* Pods-TestAppConsole.release.xcconfig */,
			);
			name = Pods;
			sourceTree = "<group>";
		};
		1C2E394221C82DF100CACB25 = {
			isa = PBXGroup;
			children = (
				1C2E394D21C82DF100CACB25 /* TestAppConsole */,
				1C2E394C21C82DF100CACB25 /* Products */,
				13EB6737FF414A1C72067C0E /* Pods */,
				7FA63FF5C53DCBD2746730B5 /* Frameworks */,
			);
			sourceTree = "<group>";
		};
		1C2E394C21C82DF100CACB25 /* Products */ = {
			isa = PBXGroup;
			children = (
				1C2E394B21C82DF100CACB25 /* TestAppConsole */,
			);
			name = Products;
			sourceTree = "<group>";
		};
		1C2E394D21C82DF100CACB25 /* TestAppConsole */ = {
			isa = PBXGroup;
			children = (
				1C2E395A21C83FC300CACB25 /* appconsole */,
				1C2E395521C83AC800CACB25 /* test */,
				1C2E394E21C82DF100CACB25 /* main.swift */,
			);
			path = TestAppConsole;
			sourceTree = "<group>";
		};
		1C2E395521C83AC800CACB25 /* test */ = {
			isa = PBXGroup;
			children = (
				1C2E395621C83AD800CACB25 /* test-mucko.swift */,
				1C2E395821C83F9E00CACB25 /* test-appconsole.swift */,
			);
			path = test;
			sourceTree = "<group>";
		};
		1C2E395A21C83FC300CACB25 /* appconsole */ = {
			isa = PBXGroup;
			children = (
				1C2E395B21C83FE700CACB25 /* AppConsole.swift */,
			);
			path = appconsole;
			sourceTree = "<group>";
		};
		7FA63FF5C53DCBD2746730B5 /* Frameworks */ = {
			isa = PBXGroup;
			children = (
				D669B1AE7E9AAC7D8622E31F /* libPods-TestAppConsole.a */,
			);
			name = Frameworks;
			sourceTree = "<group>";
		};
/* End PBXGroup section */

/* Begin PBXNativeTarget section */
		1C2E394A21C82DF100CACB25 /* TestAppConsole */ = {
			isa = PBXNativeTarget;
			buildConfigurationList = 1C2E395221C82DF100CACB25 /* Build configuration list for PBXNativeTarget "TestAppConsole" */;
			buildPhases = (
				A56E5A73AB698C8ECCC44E62 /* [CP] Check Pods Manifest.lock */,
				1C2E394721C82DF100CACB25 /* Sources */,
				1C2E394821C82DF100CACB25 /* Frameworks */,
				1C2E394921C82DF100CACB25 /* CopyFiles */,
			);
			buildRules = (
			);
			dependencies = (
			);
			name = TestAppConsole;
			productName = TestAppConsole;
			productReference = 1C2E394B21C82DF100CACB25 /* TestAppConsole */;
			productType = "com.apple.product-type.tool";
		};
/* End PBXNativeTarget section */

/* Begin PBXProject section */
		1C2E394321C82DF100CACB25 /* Project object */ = {
			isa = PBXProject;
			attributes = {
				LastSwiftUpdateCheck = 1000;
				LastUpgradeCheck = 1000;
				ORGANIZATIONNAME = wookyoung;
				TargetAttributes = {
					1C2E394A21C82DF100CACB25 = {
						CreatedOnToolsVersion = 10.0;
					};
				};
			};
			buildConfigurationList = 1C2E394621C82DF100CACB25 /* Build configuration list for PBXProject "TestAppConsole" */;
			compatibilityVersion = "Xcode 9.3";
			developmentRegion = en;
			hasScannedForEncodings = 0;
			knownRegions = (
				en,
			);
			mainGroup = 1C2E394221C82DF100CACB25;
			productRefGroup = 1C2E394C21C82DF100CACB25 /* Products */;
			projectDirPath = "";
			projectRoot = "";
			targets = (
				1C2E394A21C82DF100CACB25 /* TestAppConsole */,
			);
		};
/* End PBXProject section */

/* Begin PBXShellScriptBuildPhase section */
		A56E5A73AB698C8ECCC44E62 /* [CP] Check Pods Manifest.lock */ = {
			isa = PBXShellScriptBuildPhase;
			buildActionMask = 2147483647;
			files = (
			);
			inputFileListPaths = (
			);
			inputPaths = (
				"${PODS_PODFILE_DIR_PATH}/Podfile.lock",
				"${PODS_ROOT}/Manifest.lock",
			);
			name = "[CP] Check Pods Manifest.lock";
			outputFileListPaths = (
			);
			outputPaths = (
				"$(DERIVED_FILE_DIR)/Pods-TestAppConsole-checkManifestLockResult.txt",
			);
			runOnlyForDeploymentPostprocessing = 0;
			shellPath = /bin/sh;
			shellScript = "diff \"${PODS_PODFILE_DIR_PATH}/Podfile.lock\" \"${PODS_ROOT}/Manifest.lock\" > /dev/null\nif [ $? != 0 ] ; then\n    # print error to STDERR\n    echo \"error: The sandbox is not in sync with the Podfile.lock. Run 'pod install' or update your CocoaPods installation.\" >&2\n    exit 1\nfi\n# This output is used by Xcode 'outputs' to avoid re-running this script phase.\necho \"SUCCESS\" > \"${SCRIPT_OUTPUT_FILE_0}\"\n";
			showEnvVarsInLog = 0;
		};
/* End PBXShellScriptBuildPhase section */

/* Begin PBXSourcesBuildPhase section */
		1C2E394721C82DF100CACB25 /* Sources */ = {
			isa = PBXSourcesBuildPhase;
			buildActionMask = 2147483647;
			files = (
				1C2E394F21C82DF100CACB25 /* main.swift in Sources */,
				1C2E395921C83F9E00CACB25 /* test-appconsole.swift in Sources */,
				1C2E395721C83AD800CACB25 /* test-mucko.swift in Sources */,
				1C2E395C21C83FE700CACB25 /* AppConsole.swift in Sources */,
			);
			runOnlyForDeploymentPostprocessing = 0;
		};
/* End PBXSourcesBuildPhase section */

/* Begin XCBuildConfiguration section */
		1C2E395021C82DF100CACB25 /* Debug */ = {
			isa = XCBuildConfiguration;
			buildSettings = {
				ALWAYS_SEARCH_USER_PATHS = NO;
				CLANG_ANALYZER_NONNULL = YES;
				CLANG_ANALYZER_NUMBER_OBJECT_CONVERSION = YES_AGGRESSIVE;
				CLANG_CXX_LANGUAGE_STANDARD = "gnu++14";
				CLANG_CXX_LIBRARY = "libc++";
				CLANG_ENABLE_MODULES = YES;
				CLANG_ENABLE_OBJC_ARC = YES;
				CLANG_ENABLE_OBJC_WEAK = YES;
				CLANG_WARN_BLOCK_CAPTURE_AUTORELEASING = YES;
				CLANG_WARN_BOOL_CONVERSION = YES;
				CLANG_WARN_COMMA = YES;
				CLANG_WARN_CONSTANT_CONVERSION = YES;
				CLANG_WARN_DEPRECATED_OBJC_IMPLEMENTATIONS = YES;
				CLANG_WARN_DIRECT_OBJC_ISA_USAGE = YES_ERROR;
				CLANG_WARN_DOCUMENTATION_COMMENTS = YES;
				CLANG_WARN_EMPTY_BODY = YES;
				CLANG_WARN_ENUM_CONVERSION = YES;
				CLANG_WARN_INFINITE_RECURSION = YES;
				CLANG_WARN_INT_CONVERSION = YES;
				CLANG_WARN_NON_LITERAL_NULL_CONVERSION = YES;
				CLANG_WARN_OBJC_IMPLICIT_RETAIN_SELF = YES;
				CLANG_WARN_OBJC_LITERAL_CONVERSION = YES;
				CLANG_WARN_OBJC_ROOT_CLASS = YES_ERROR;
				CLANG_WARN_RANGE_LOOP_ANALYSIS = YES;
				CLANG_WARN_STRICT_PROTOTYPES = YES;
				CLANG_WARN_SUSPICIOUS_MOVE = YES;
				CLANG_WARN_UNGUARDED_AVAILABILITY = YES_AGGRESSIVE;
				CLANG_WARN_UNREACHABLE_CODE = YES;
				CLANG_WARN__DUPLICATE_METHOD_MATCH = YES;
				CODE_SIGN_IDENTITY = "";
				COPY_PHASE_STRIP = NO;
				DEBUG_INFORMATION_FORMAT = dwarf;
				ENABLE_STRICT_OBJC_MSGSEND = YES;
				ENABLE_TESTABILITY = YES;
				GCC_C_LANGUAGE_STANDARD = gnu11;
				GCC_DYNAMIC_NO_PIC = NO;
				GCC_NO_COMMON_BLOCKS = YES;
				GCC_OPTIMIZATION_LEVEL = 0;
				GCC_PREPROCESSOR_DEFINITIONS = (
					"DEBUG=1",
					"$(inherited)",
				);
				GCC_WARN_64_TO_32_BIT_CONVERSION = YES;
				GCC_WARN_ABOUT_RETURN_TYPE = YES_ERROR;
				GCC_WARN_UNDECLARED_SELECTOR = YES;
				GCC_WARN_UNINITIALIZED_AUTOS = YES_AGGRESSIVE;
				GCC_WARN_UNUSED_FUNCTION = YES;
				GCC_WARN_UNUSED_VARIABLE = YES;
				MACOSX_DEPLOYMENT_TARGET = 10.13;
				MTL_ENABLE_DEBUG_INFO = INCLUDE_SOURCE;
				MTL_FAST_MATH = YES;
				ONLY_ACTIVE_ARCH = YES;
				SDKROOT = macosx;
				SWIFT_ACTIVE_COMPILATION_CONDITIONS = DEBUG;
				SWIFT_OPTIMIZATION_LEVEL = "-Onone";
			};
			name = Debug;
		};
		1C2E395121C82DF100CACB25 /* Release */ = {
			isa = XCBuildConfiguration;
			buildSettings = {
				ALWAYS_SEARCH_USER_PATHS = NO;
				CLANG_ANALYZER_NONNULL = YES;
				CLANG_ANALYZER_NUMBER_OBJECT_CONVERSION = YES_AGGRESSIVE;
				CLANG_CXX_LANGUAGE_STANDARD = "gnu++14";
				CLANG_CXX_LIBRARY = "libc++";
				CLANG_ENABLE_MODULES = YES;
				CLANG_ENABLE_OBJC_ARC = YES;
				CLANG_ENABLE_OBJC_WEAK = YES;
				CLANG_WARN_BLOCK_CAPTURE_AUTORELEASING = YES;
				CLANG_WARN_BOOL_CONVERSION = YES;
				CLANG_WARN_COMMA = YES;
				CLANG_WARN_CONSTANT_CONVERSION = YES;
				CLANG_WARN_DEPRECATED_OBJC_IMPLEMENTATIONS = YES;
				CLANG_WARN_DIRECT_OBJC_ISA_USAGE = YES_ERROR;
				CLANG_WARN_DOCUMENTATION_COMMENTS = YES;
				CLANG_WARN_EMPTY_BODY = YES;
				CLANG_WARN_ENUM_CONVERSION = YES;
				CLANG_WARN_INFINITE_RECURSION = YES;
				CLANG_WARN_INT_CONVERSION = YES;
				CLANG_WARN_NON_LITERAL_NULL_CONVERSION = YES;
				CLANG_WARN_OBJC_IMPLICIT_RETAIN_SELF = YES;
				CLANG_WARN_OBJC_LITERAL_CONVERSION = YES;
				CLANG_WARN_OBJC_ROOT_CLASS = YES_ERROR;
				CLANG_WARN_RANGE_LOOP_ANALYSIS = YES;
				CLANG_WARN_STRICT_PROTOTYPES = YES;
				CLANG_WARN_SUSPICIOUS_MOVE = YES;
				CLANG_WARN_UNGUARDED_AVAILABILITY = YES_AGGRESSIVE;
				CLANG_WARN_UNREACHABLE_CODE = YES;
				CLANG_WARN__DUPLICATE_METHOD_MATCH = YES;
				CODE_SIGN_IDENTITY = "";
				COPY_PHASE_STRIP = NO;
				DEBUG_INFORMATION_FORMAT = "dwarf-with-dsym";
				ENABLE_NS_ASSERTIONS = NO;
				ENABLE_STRICT_OBJC_MSGSEND = YES;
				GCC_C_LANGUAGE_STANDARD = gnu11;
				GCC_NO_COMMON_BLOCKS = YES;
				GCC_WARN_64_TO_32_BIT_CONVERSION = YES;
				GCC_WARN_ABOUT_RETURN_TYPE = YES_ERROR;
				GCC_WARN_UNDECLARED_SELECTOR = YES;
				GCC_WARN_UNINITIALIZED_AUTOS = YES_AGGRESSIVE;
				GCC_WARN_UNUSED_FUNCTION = YES;
				GCC_WARN_UNUSED_VARIABLE = YES;
				MACOSX_DEPLOYMENT_TARGET = 10.13;
				MTL_ENABLE_DEBUG_INFO = NO;
				MTL_FAST_MATH = YES;
				SDKROOT = macosx;
				SWIFT_COMPILATION_MODE = wholemodule;
				SWIFT_OPTIMIZATION_LEVEL = "-O";
			};
			name = Release;
		};
		1C2E395321C82DF100CACB25 /* Debug */ = {
			isa = XCBuildConfiguration;
			baseConfigurationReference = AF7F971CB55F4BE851B7788A /* Pods-TestAppConsole.debug.xcconfig */;
			buildSettings = {
				CODE_SIGN_STYLE = Automatic;
				DEVELOPMENT_TEAM = "";
				PRODUCT_NAME = "$(TARGET_NAME)";
				SWIFT_VERSION = 4.2;
			};
			name = Debug;
		};
		1C2E395421C82DF100CACB25 /* Release */ = {
			isa = XCBuildConfiguration;
			baseConfigurationReference = E4C417E3C6DB44168550C6BF /* Pods-TestAppConsole.release.xcconfig */;
			buildSettings = {
				CODE_SIGN_STYLE = Automatic;
				DEVELOPMENT_TEAM = "";
				PRODUCT_NAME = "$(TARGET_NAME)";
				SWIFT_VERSION = 4.2;
			};
			name = Release;
		};
/* End XCBuildConfiguration section */

/* Begin XCConfigurationList section */
		1C2E394621C82DF100CACB25 /* Build configuration list for PBXProject "TestAppConsole" */ = {
			isa = XCConfigurationList;
			buildConfigurations = (
				1C2E395021C82DF100CACB25 /* Debug */,
				1C2E395121C82DF100CACB25 /* Release */,
			);
			defaultConfigurationIsVisible = 0;
			defaultConfigurationName = Release;
		};
		1C2E395221C82DF100CACB25 /* Build configuration list for PBXNativeTarget "TestAppConsole" */ = {
			isa = XCConfigurationList;
			buildConfigurations = (
				1C2E395321C82DF100CACB25 /* Debug */,
				1C2E395421C82DF100CACB25 /* Release */,
			);
			defaultConfigurationIsVisible = 0;
			defaultConfigurationName = Release;
		};
/* End XCConfigurationList section */
	};
	rootObject = 1C2E394321C82DF100CACB25 /* Project object */;
}
